// !$*UTF8*$!
{
	archiveVersion = 1;
	classes = {
	};
	objectVersion = 50;
	objects = {

/* Begin PBXBuildFile section */
		112F6A7821847DC6001B3C97 /* AppDelegate.swift in Sources */ = {isa = PBXBuildFile; fileRef = 112F6A7721847DC6001B3C97 /* AppDelegate.swift */; };
		112F6A7A21847DC6001B3C97 /* ViewController.swift in Sources */ = {isa = PBXBuildFile; fileRef = 112F6A7921847DC6001B3C97 /* ViewController.swift */; };
		112F6A7D21847DC6001B3C97 /* Main.storyboard in Resources */ = {isa = PBXBuildFile; fileRef = 112F6A7B21847DC6001B3C97 /* Main.storyboard */; };
		112F6A8021847DC6001B3C97 /* diplomAiOS.xcdatamodeld in Sources */ = {isa = PBXBuildFile; fileRef = 112F6A7E21847DC6001B3C97 /* diplomAiOS.xcdatamodeld */; };
		112F6A8221847DC8001B3C97 /* Assets.xcassets in Resources */ = {isa = PBXBuildFile; fileRef = 112F6A8121847DC8001B3C97 /* Assets.xcassets */; };
		112F6A8521847DC8001B3C97 /* LaunchScreen.storyboard in Resources */ = {isa = PBXBuildFile; fileRef = 112F6A8321847DC8001B3C97 /* LaunchScreen.storyboard */; };
		112F6A9021847DC8001B3C97 /* diplomAiOSTests.swift in Sources */ = {isa = PBXBuildFile; fileRef = 112F6A8F21847DC8001B3C97 /* diplomAiOSTests.swift */; };
		112F6A9B21847DC8001B3C97 /* diplomAiOSUITests.swift in Sources */ = {isa = PBXBuildFile; fileRef = 112F6A9A21847DC8001B3C97 /* diplomAiOSUITests.swift */; };
/* End PBXBuildFile section */

/* Begin PBXContainerItemProxy section */
		112F6A8C21847DC8001B3C97 /* PBXContainerItemProxy */ = {
			isa = PBXContainerItemProxy;
			containerPortal = 112F6A6C21847DC6001B3C97 /* Project object */;
			proxyType = 1;
			remoteGlobalIDString = 112F6A7321847DC6001B3C97;
			remoteInfo = diplomAiOS;
		};
		112F6A9721847DC8001B3C97 /* PBXContainerItemProxy */ = {
			isa = PBXContainerItemProxy;
			containerPortal = 112F6A6C21847DC6001B3C97 /* Project object */;
			proxyType = 1;
			remoteGlobalIDString = 112F6A7321847DC6001B3C97;
			remoteInfo = diplomAiOS;
		};
/* End PBXContainerItemProxy section */

/* Begin PBXFileReference section */
		112F6A7421847DC6001B3C97 /* diplomAiOS.app */ = {isa = PBXFileReference; explicitFileType = wrapper.application; includeInIndex = 0; path = diplomAiOS.app; sourceTree = BUILT_PRODUCTS_DIR; };
		112F6A7721847DC6001B3C97 /* AppDelegate.swift */ = {isa = PBXFileReference; lastKnownFileType = sourcecode.swift; path = AppDelegate.swift; sourceTree = "<group>"; };
		112F6A7921847DC6001B3C97 /* ViewController.swift */ = {isa = PBXFileReference; lastKnownFileType = sourcecode.swift; path = ViewController.swift; sourceTree = "<group>"; };
		112F6A7C21847DC6001B3C97 /* Base */ = {isa = PBXFileReference; lastKnownFileType = file.storyboard; name = Base; path = Base.lproj/Main.storyboard; sourceTree = "<group>"; };
		112F6A7F21847DC6001B3C97 /* diplomAiOS.xcdatamodel */ = {isa = PBXFileReference; lastKnownFileType = wrapper.xcdatamodel; path = diplomAiOS.xcdatamodel; sourceTree = "<group>"; };
		112F6A8121847DC8001B3C97 /* Assets.xcassets */ = {isa = PBXFileReference; lastKnownFileType = folder.assetcatalog; path = Assets.xcassets; sourceTree = "<group>"; };
		112F6A8421847DC8001B3C97 /* Base */ = {isa = PBXFileReference; lastKnownFileType = file.storyboard; name = Base; path = Base.lproj/LaunchScreen.storyboard; sourceTree = "<group>"; };
		112F6A8621847DC8001B3C97 /* Info.plist */ = {isa = PBXFileReference; lastKnownFileType = text.plist.xml; path = Info.plist; sourceTree = "<group>"; };
		112F6A8B21847DC8001B3C97 /* diplomAiOSTests.xctest */ = {isa = PBXFileReference; explicitFileType = wrapper.cfbundle; includeInIndex = 0; path = diplomAiOSTests.xctest; sourceTree = BUILT_PRODUCTS_DIR; };
		112F6A8F21847DC8001B3C97 /* diplomAiOSTests.swift */ = {isa = PBXFileReference; lastKnownFileType = sourcecode.swift; path = diplomAiOSTests.swift; sourceTree = "<group>"; };
		112F6A9121847DC8001B3C97 /* Info.plist */ = {isa = PBXFileReference; lastKnownFileType = text.plist.xml; path = Info.plist; sourceTree = "<group>"; };
		112F6A9621847DC8001B3C97 /* diplomAiOSUITests.xctest */ = {isa = PBXFileReference; explicitFileType = wrapper.cfbundle; includeInIndex = 0; path = diplomAiOSUITests.xctest; sourceTree = BUILT_PRODUCTS_DIR; };
		112F6A9A21847DC8001B3C97 /* diplomAiOSUITests.swift */ = {isa = PBXFileReference; lastKnownFileType = sourcecode.swift; path = diplomAiOSUITests.swift; sourceTree = "<group>"; };
		112F6A9C21847DC8001B3C97 /* Info.plist */ = {isa = PBXFileReference; lastKnownFileType = text.plist.xml; path = Info.plist; sourceTree = "<group>"; };
/* End PBXFileReference section */

/* Begin PBXFrameworksBuildPhase section */
		112F6A7121847DC6001B3C97 /* Frameworks */ = {
			isa = PBXFrameworksBuildPhase;
			buildActionMask = 2147483647;
			files = (
			);
			runOnlyForDeploymentPostprocessing = 0;
		};
		112F6A8821847DC8001B3C97 /* Frameworks */ = {
			isa = PBXFrameworksBuildPhase;
			buildActionMask = 2147483647;
			files = (
			);
			runOnlyForDeploymentPostprocessing = 0;
		};
		112F6A9321847DC8001B3C97 /* Frameworks */ = {
			isa = PBXFrameworksBuildPhase;
			buildActionMask = 2147483647;
			files = (
			);
			runOnlyForDeploymentPostprocessing = 0;
		};
/* End PBXFrameworksBuildPhase section */

/* Begin PBXGroup section */
		112F6A6B21847DC6001B3C97 = {
			isa = PBXGroup;
			children = (
				112F6A7621847DC6001B3C97 /* diplomAiOS */,
				112F6A8E21847DC8001B3C97 /* diplomAiOSTests */,
				112F6A9921847DC8001B3C97 /* diplomAiOSUITests */,
				112F6A7521847DC6001B3C97 /* Products */,
			);
			sourceTree = "<group>";
		};
		112F6A7521847DC6001B3C97 /* Products */ = {
			isa = PBXGroup;
			children = (
				112F6A7421847DC6001B3C97 /* diplomAiOS.app */,
				112F6A8B21847DC8001B3C97 /* diplomAiOSTests.xctest */,
				112F6A9621847DC8001B3C97 /* diplomAiOSUITests.xctest */,
			);
			name = Products;
			sourceTree = "<group>";
		};
		112F6A7621847DC6001B3C97 /* diplomAiOS */ = {
			isa = PBXGroup;
			children = (
				112F6A7721847DC6001B3C97 /* AppDelegate.swift */,
				112F6A7921847DC6001B3C97 /* ViewController.swift */,
				112F6A7B21847DC6001B3C97 /* Main.storyboard */,
				112F6A8121847DC8001B3C97 /* Assets.xcassets */,
				112F6A8321847DC8001B3C97 /* LaunchScreen.storyboard */,
				112F6A8621847DC8001B3C97 /* Info.plist */,
				112F6A7E21847DC6001B3C97 /* diplomAiOS.xcdatamodeld */,
			);
			path = diplomAiOS;
			sourceTree = "<group>";
		};
		112F6A8E21847DC8001B3C97 /* diplomAiOSTests */ = {
			isa = PBXGroup;
			children = (
				112F6A8F21847DC8001B3C97 /* diplomAiOSTests.swift */,
				112F6A9121847DC8001B3C97 /* Info.plist */,
			);
			path = diplomAiOSTests;
			sourceTree = "<group>";
		};
		112F6A9921847DC8001B3C97 /* diplomAiOSUITests */ = {
			isa = PBXGroup;
			children = (
				112F6A9A21847DC8001B3C97 /* diplomAiOSUITests.swift */,
				112F6A9C21847DC8001B3C97 /* Info.plist */,
			);
			path = diplomAiOSUITests;
			sourceTree = "<group>";
		};
/* End PBXGroup section */

/* Begin PBXNativeTarget section */
		112F6A7321847DC6001B3C97 /* diplomAiOS */ = {
			isa = PBXNativeTarget;
			buildConfigurationList = 112F6A9F21847DC8001B3C97 /* Build configuration list for PBXNativeTarget "diplomAiOS" */;
			buildPhases = (
				112F6A7021847DC6001B3C97 /* Sources */,
				112F6A7121847DC6001B3C97 /* Frameworks */,
				112F6A7221847DC6001B3C97 /* Resources */,
			);
			buildRules = (
			);
			dependencies = (
			);
			name = diplomAiOS;
			productName = diplomAiOS;
			productReference = 112F6A7421847DC6001B3C97 /* diplomAiOS.app */;
			productType = "com.apple.product-type.application";
		};
		112F6A8A21847DC8001B3C97 /* diplomAiOSTests */ = {
			isa = PBXNativeTarget;
			buildConfigurationList = 112F6AA221847DC8001B3C97 /* Build configuration list for PBXNativeTarget "diplomAiOSTests" */;
			buildPhases = (
				112F6A8721847DC8001B3C97 /* Sources */,
				112F6A8821847DC8001B3C97 /* Frameworks */,
				112F6A8921847DC8001B3C97 /* Resources */,
			);
			buildRules = (
			);
			dependencies = (
				112F6A8D21847DC8001B3C97 /* PBXTargetDependency */,
			);
			name = diplomAiOSTests;
			productName = diplomAiOSTests;
			productReference = 112F6A8B21847DC8001B3C97 /* diplomAiOSTests.xctest */;
			productType = "com.apple.product-type.bundle.unit-test";
		};
		112F6A9521847DC8001B3C97 /* diplomAiOSUITests */ = {
			isa = PBXNativeTarget;
			buildConfigurationList = 112F6AA521847DC8001B3C97 /* Build configuration list for PBXNativeTarget "diplomAiOSUITests" */;
			buildPhases = (
				112F6A9221847DC8001B3C97 /* Sources */,
				112F6A9321847DC8001B3C97 /* Frameworks */,
				112F6A9421847DC8001B3C97 /* Resources */,
			);
			buildRules = (
			);
			dependencies = (
				112F6A9821847DC8001B3C97 /* PBXTargetDependency */,
			);
			name = diplomAiOSUITests;
			productName = diplomAiOSUITests;
			productReference = 112F6A9621847DC8001B3C97 /* diplomAiOSUITests.xctest */;
			productType = "com.apple.product-type.bundle.ui-testing";
		};
/* End PBXNativeTarget section */

/* Begin PBXProject section */
		112F6A6C21847DC6001B3C97 /* Project object */ = {
			isa = PBXProject;
			attributes = {
				LastSwiftUpdateCheck = 1000;
				LastUpgradeCheck = 1000;
				ORGANIZATIONNAME = BookMe;
				TargetAttributes = {
					112F6A7321847DC6001B3C97 = {
						CreatedOnToolsVersion = 10.0;
					};
					112F6A8A21847DC8001B3C97 = {
						CreatedOnToolsVersion = 10.0;
						TestTargetID = 112F6A7321847DC6001B3C97;
					};
					112F6A9521847DC8001B3C97 = {
						CreatedOnToolsVersion = 10.0;
						TestTargetID = 112F6A7321847DC6001B3C97;
					};
				};
			};
			buildConfigurationList = 112F6A6F21847DC6001B3C97 /* Build configuration list for PBXProject "diplomAiOS" */;
			compatibilityVersion = "Xcode 9.3";
			developmentRegion = en;
			hasScannedForEncodings = 0;
			knownRegions = (
				en,
				Base,
			);
			mainGroup = 112F6A6B21847DC6001B3C97;
			productRefGroup = 112F6A7521847DC6001B3C97 /* Products */;
			projectDirPath = "";
			projectRoot = "";
			targets = (
				112F6A7321847DC6001B3C97 /* diplomAiOS */,
				112F6A8A21847DC8001B3C97 /* diplomAiOSTests */,
				112F6A9521847DC8001B3C97 /* diplomAiOSUITests */,
			);
		};
/* End PBXProject section */

/* Begin PBXResourcesBuildPhase section */
		112F6A7221847DC6001B3C97 /* Resources */ = {
			isa = PBXResourcesBuildPhase;
			buildActionMask = 2147483647;
			files = (
				112F6A8521847DC8001B3C97 /* LaunchScreen.storyboard in Resources */,
				112F6A8221847DC8001B3C97 /* Assets.xcassets in Resources */,
				112F6A7D21847DC6001B3C97 /* Main.storyboard in Resources */,
			);
			runOnlyForDeploymentPostprocessing = 0;
		};
		112F6A8921847DC8001B3C97 /* Resources */ = {
			isa = PBXResourcesBuildPhase;
			buildActionMask = 2147483647;
			files = (
			);
			runOnlyForDeploymentPostprocessing = 0;
		};
		112F6A9421847DC8001B3C97 /* Resources */ = {
			isa = PBXResourcesBuildPhase;
			buildActionMask = 2147483647;
			files = (
			);
			runOnlyForDeploymentPostprocessing = 0;
		};
/* End PBXResourcesBuildPhase section */

/* Begin PBXSourcesBuildPhase section */
		112F6A7021847DC6001B3C97 /* Sources */ = {
			isa = PBXSourcesBuildPhase;
			buildActionMask = 2147483647;
			files = (
				112F6A8021847DC6001B3C97 /* diplomAiOS.xcdatamodeld in Sources */,
				112F6A7A21847DC6001B3C97 /* ViewController.swift in Sources */,
				112F6A7821847DC6001B3C97 /* AppDelegate.swift in Sources */,
			);
			runOnlyForDeploymentPostprocessing = 0;
		};
		112F6A8721847DC8001B3C97 /* Sources */ = {
			isa = PBXSourcesBuildPhase;
			buildActionMask = 2147483647;
			files = (
				112F6A9021847DC8001B3C97 /* diplomAiOSTests.swift in Sources */,
			);
			runOnlyForDeploymentPostprocessing = 0;
		};
		112F6A9221847DC8001B3C97 /* Sources */ = {
			isa = PBXSourcesBuildPhase;
			buildActionMask = 2147483647;
			files = (
				112F6A9B21847DC8001B3C97 /* diplomAiOSUITests.swift in Sources */,
			);
			runOnlyForDeploymentPostprocessing = 0;
		};
/* End PBXSourcesBuildPhase section */

/* Begin PBXTargetDependency section */
		112F6A8D21847DC8001B3C97 /* PBXTargetDependency */ = {
			isa = PBXTargetDependency;
			target = 112F6A7321847DC6001B3C97 /* diplomAiOS */;
			targetProxy = 112F6A8C21847DC8001B3C97 /* PBXContainerItemProxy */;
		};
		112F6A9821847DC8001B3C97 /* PBXTargetDependency */ = {
			isa = PBXTargetDependency;
			target = 112F6A7321847DC6001B3C97 /* diplomAiOS */;
			targetProxy = 112F6A9721847DC8001B3C97 /* PBXContainerItemProxy */;
		};
/* End PBXTargetDependency section */

/* Begin PBXVariantGroup section */
		112F6A7B21847DC6001B3C97 /* Main.storyboard */ = {
			isa = PBXVariantGroup;
			children = (
				112F6A7C21847DC6001B3C97 /* Base */,
			);
			name = Main.storyboard;
			sourceTree = "<group>";
		};
		112F6A8321847DC8001B3C97 /* LaunchScreen.storyboard */ = {
			isa = PBXVariantGroup;
			children = (
				112F6A8421847DC8001B3C97 /* Base */,
			);
			name = LaunchScreen.storyboard;
			sourceTree = "<group>";
		};
/* End PBXVariantGroup section */

/* Begin XCBuildConfiguration section */
		112F6A9D21847DC8001B3C97 /* Debug */ = {
			isa = XCBuildConfiguration;
			buildSettings = {
				ALWAYS_SEARCH_USER_PATHS = NO;
				CLANG_ANALYZER_NONNULL = YES;
				CLANG_ANALYZER_NUMBER_OBJECT_CONVERSION = YES_AGGRESSIVE;
				CLANG_CXX_LANGUAGE_STANDARD = "gnu++14";
				CLANG_CXX_LIBRARY = "libc++";
				CLANG_ENABLE_MODULES = YES;
				CLANG_ENABLE_OBJC_ARC = YES;
				CLANG_ENABLE_OBJC_WEAK = YES;
				CLANG_WARN_BLOCK_CAPTURE_AUTORELEASING = YES;
				CLANG_WARN_BOOL_CONVERSION = YES;
				CLANG_WARN_COMMA = YES;
				CLANG_WARN_CONSTANT_CONVERSION = YES;
				CLANG_WARN_DEPRECATED_OBJC_IMPLEMENTATIONS = YES;
				CLANG_WARN_DIRECT_OBJC_ISA_USAGE = YES_ERROR;
				CLANG_WARN_DOCUMENTATION_COMMENTS = YES;
				CLANG_WARN_EMPTY_BODY = YES;
				CLANG_WARN_ENUM_CONVERSION = YES;
				CLANG_WARN_INFINITE_RECURSION = YES;
				CLANG_WARN_INT_CONVERSION = YES;
				CLANG_WARN_NON_LITERAL_NULL_CONVERSION = YES;
				CLANG_WARN_OBJC_IMPLICIT_RETAIN_SELF = YES;
				CLANG_WARN_OBJC_LITERAL_CONVERSION = YES;
				CLANG_WARN_OBJC_ROOT_CLASS = YES_ERROR;
				CLANG_WARN_RANGE_LOOP_ANALYSIS = YES;
				CLANG_WARN_STRICT_PROTOTYPES = YES;
				CLANG_WARN_SUSPICIOUS_MOVE = YES;
				CLANG_WARN_UNGUARDED_AVAILABILITY = YES_AGGRESSIVE;
				CLANG_WARN_UNREACHABLE_CODE = YES;
				CLANG_WARN__DUPLICATE_METHOD_MATCH = YES;
				CODE_SIGN_IDENTITY = "iPhone Developer";
				COPY_PHASE_STRIP = NO;
				DEBUG_INFORMATION_FORMAT = dwarf;
				ENABLE_STRICT_OBJC_MSGSEND = YES;
				ENABLE_TESTABILITY = YES;
				GCC_C_LANGUAGE_STANDARD = gnu11;
				GCC_DYNAMIC_NO_PIC = NO;
				GCC_NO_COMMON_BLOCKS = YES;
				GCC_OPTIMIZATION_LEVEL = 0;
				GCC_PREPROCESSOR_DEFINITIONS = (
					"DEBUG=1",
					"$(inherited)",
				);
				GCC_WARN_64_TO_32_BIT_CONVERSION = YES;
				GCC_WARN_ABOUT_RETURN_TYPE = YES_ERROR;
				GCC_WARN_UNDECLARED_SELECTOR = YES;
				GCC_WARN_UNINITIALIZED_AUTOS = YES_AGGRESSIVE;
				GCC_WARN_UNUSED_FUNCTION = YES;
				GCC_WARN_UNUSED_VARIABLE = YES;
				IPHONEOS_DEPLOYMENT_TARGET = 12.0;
				MTL_ENABLE_DEBUG_INFO = INCLUDE_SOURCE;
				MTL_FAST_MATH = YES;
				ONLY_ACTIVE_ARCH = YES;
				SDKROOT = iphoneos;
				SWIFT_ACTIVE_COMPILATION_CONDITIONS = DEBUG;
				SWIFT_OPTIMIZATION_LEVEL = "-Onone";
			};
			name = Debug;
		};
		112F6A9E21847DC8001B3C97 /* Release */ = {
			isa = XCBuildConfiguration;
			buildSettings = {
				ALWAYS_SEARCH_USER_PATHS = NO;
				CLANG_ANALYZER_NONNULL = YES;
				CLANG_ANALYZER_NUMBER_OBJECT_CONVERSION = YES_AGGRESSIVE;
				CLANG_CXX_LANGUAGE_STANDARD = "gnu++14";
				CLANG_CXX_LIBRARY = "libc++";
				CLANG_ENABLE_MODULES = YES;
				CLANG_ENABLE_OBJC_ARC = YES;
				CLANG_ENABLE_OBJC_WEAK = YES;
				CLANG_WARN_BLOCK_CAPTURE_AUTORELEASING = YES;
				CLANG_WARN_BOOL_CONVERSION = YES;
				CLANG_WARN_COMMA = YES;
				CLANG_WARN_CONSTANT_CONVERSION = YES;
				CLANG_WARN_DEPRECATED_OBJC_IMPLEMENTATIONS = YES;
				CLANG_WARN_DIRECT_OBJC_ISA_USAGE = YES_ERROR;
				CLANG_WARN_DOCUMENTATION_COMMENTS = YES;
				CLANG_WARN_EMPTY_BODY = YES;
				CLANG_WARN_ENUM_CONVERSION = YES;
				CLANG_WARN_INFINITE_RECURSION = YES;
				CLANG_WARN_INT_CONVERSION = YES;
				CLANG_WARN_NON_LITERAL_NULL_CONVERSION = YES;
				CLANG_WARN_OBJC_IMPLICIT_RETAIN_SELF = YES;
				CLANG_WARN_OBJC_LITERAL_CONVERSION = YES;
				CLANG_WARN_OBJC_ROOT_CLASS = YES_ERROR;
				CLANG_WARN_RANGE_LOOP_ANALYSIS = YES;
				CLANG_WARN_STRICT_PROTOTYPES = YES;
				CLANG_WARN_SUSPICIOUS_MOVE = YES;
				CLANG_WARN_UNGUARDED_AVAILABILITY = YES_AGGRESSIVE;
				CLANG_WARN_UNREACHABLE_CODE = YES;
				CLANG_WARN__DUPLICATE_METHOD_MATCH = YES;
				CODE_SIGN_IDENTITY = "iPhone Developer";
				COPY_PHASE_STRIP = NO;
				DEBUG_INFORMATION_FORMAT = "dwarf-with-dsym";
				ENABLE_NS_ASSERTIONS = NO;
				ENABLE_STRICT_OBJC_MSGSEND = YES;
				GCC_C_LANGUAGE_STANDARD = gnu11;
				GCC_NO_COMMON_BLOCKS = YES;
				GCC_WARN_64_TO_32_BIT_CONVERSION = YES;
				GCC_WARN_ABOUT_RETURN_TYPE = YES_ERROR;
				GCC_WARN_UNDECLARED_SELECTOR = YES;
				GCC_WARN_UNINITIALIZED_AUTOS = YES_AGGRESSIVE;
				GCC_WARN_UNUSED_FUNCTION = YES;
				GCC_WARN_UNUSED_VARIABLE = YES;
				IPHONEOS_DEPLOYMENT_TARGET = 12.0;
				MTL_ENABLE_DEBUG_INFO = NO;
				MTL_FAST_MATH = YES;
				SDKROOT = iphoneos;
				SWIFT_COMPILATION_MODE = wholemodule;
				SWIFT_OPTIMIZATION_LEVEL = "-O";
				VALIDATE_PRODUCT = YES;
			};
			name = Release;
		};
		112F6AA021847DC8001B3C97 /* Debug */ = {
			isa = XCBuildConfiguration;
			buildSettings = {
				ASSETCATALOG_COMPILER_APPICON_NAME = AppIcon;
				CODE_SIGN_STYLE = Automatic;
				INFOPLIST_FILE = diplomAiOS/Info.plist;
				LD_RUNPATH_SEARCH_PATHS = (
					"$(inherited)",
					"@executable_path/Frameworks",
				);
				PRODUCT_BUNDLE_IDENTIFIER = bookme.kz.diplomAiOS;
				PRODUCT_NAME = "$(TARGET_NAME)";
				SWIFT_VERSION = 4.2;
				TARGETED_DEVICE_FAMILY = "1,2";
			};
			name = Debug;
		};
		112F6AA121847DC8001B3C97 /* Release */ = {
			isa = XCBuildConfiguration;
			buildSettings = {
				ASSETCATALOG_COMPILER_APPICON_NAME = AppIcon;
				CODE_SIGN_STYLE = Automatic;
				INFOPLIST_FILE = diplomAiOS/Info.plist;
				LD_RUNPATH_SEARCH_PATHS = (
					"$(inherited)",
					"@executable_path/Frameworks",
				);
				PRODUCT_BUNDLE_IDENTIFIER = bookme.kz.diplomAiOS;
				PRODUCT_NAME = "$(TARGET_NAME)";
				SWIFT_VERSION = 4.2;
				TARGETED_DEVICE_FAMILY = "1,2";
			};
			name = Release;
		};
		112F6AA321847DC8001B3C97 /* Debug */ = {
			isa = XCBuildConfiguration;
			buildSettings = {
				ALWAYS_EMBED_SWIFT_STANDARD_LIBRARIES = YES;
				BUNDLE_LOADER = "$(TEST_HOST)";
				CODE_SIGN_STYLE = Automatic;
				INFOPLIST_FILE = diplomAiOSTests/Info.plist;
				LD_RUNPATH_SEARCH_PATHS = (
					"$(inherited)",
					"@executable_path/Frameworks",
					"@loader_path/Frameworks",
				);
				PRODUCT_BUNDLE_IDENTIFIER = bookme.kz.diplomAiOSTests;
				PRODUCT_NAME = "$(TARGET_NAME)";
				SWIFT_VERSION = 4.2;
				TARGETED_DEVICE_FAMILY = "1,2";
				TEST_HOST = "$(BUILT_PRODUCTS_DIR)/diplomAiOS.app/diplomAiOS";
			};
			name = Debug;
		};
		112F6AA421847DC8001B3C97 /* Release */ = {
			isa = XCBuildConfiguration;
			buildSettings = {
				ALWAYS_EMBED_SWIFT_STANDARD_LIBRARIES = YES;
				BUNDLE_LOADER = "$(TEST_HOST)";
				CODE_SIGN_STYLE = Automatic;
				INFOPLIST_FILE = diplomAiOSTests/Info.plist;
				LD_RUNPATH_SEARCH_PATHS = (
					"$(inherited)",
					"@executable_path/Frameworks",
					"@loader_path/Frameworks",
				);
				PRODUCT_BUNDLE_IDENTIFIER = bookme.kz.diplomAiOSTests;
				PRODUCT_NAME = "$(TARGET_NAME)";
				SWIFT_VERSION = 4.2;
				TARGETED_DEVICE_FAMILY = "1,2";
				TEST_HOST = "$(BUILT_PRODUCTS_DIR)/diplomAiOS.app/diplomAiOS";
			};
			name = Release;
		};
		112F6AA621847DC8001B3C97 /* Debug */ = {
			isa = XCBuildConfiguration;
			buildSettings = {
				ALWAYS_EMBED_SWIFT_STANDARD_LIBRARIES = YES;
				CODE_SIGN_STYLE = Automatic;
				INFOPLIST_FILE = diplomAiOSUITests/Info.plist;
				LD_RUNPATH_SEARCH_PATHS = (
					"$(inherited)",
					"@executable_path/Frameworks",
					"@loader_path/Frameworks",
				);
				PRODUCT_BUNDLE_IDENTIFIER = bookme.kz.diplomAiOSUITests;
				PRODUCT_NAME = "$(TARGET_NAME)";
				SWIFT_VERSION = 4.2;
				TARGETED_DEVICE_FAMILY = "1,2";
				TEST_TARGET_NAME = diplomAiOS;
			};
			name = Debug;
		};
		112F6AA721847DC8001B3C97 /* Release */ = {
			isa = XCBuildConfiguration;
			buildSettings = {
				ALWAYS_EMBED_SWIFT_STANDARD_LIBRARIES = YES;
				CODE_SIGN_STYLE = Automatic;
				INFOPLIST_FILE = diplomAiOSUITests/Info.plist;
				LD_RUNPATH_SEARCH_PATHS = (
					"$(inherited)",
					"@executable_path/Frameworks",
					"@loader_path/Frameworks",
				);
				PRODUCT_BUNDLE_IDENTIFIER = bookme.kz.diplomAiOSUITests;
				PRODUCT_NAME = "$(TARGET_NAME)";
				SWIFT_VERSION = 4.2;
				TARGETED_DEVICE_FAMILY = "1,2";
				TEST_TARGET_NAME = diplomAiOS;
			};
			name = Release;
		};
/* End XCBuildConfiguration section */

/* Begin XCConfigurationList section */
		112F6A6F21847DC6001B3C97 /* Build configuration list for PBXProject "diplomAiOS" */ = {
			isa = XCConfigurationList;
			buildConfigurations = (
				112F6A9D21847DC8001B3C97 /* Debug */,
				112F6A9E21847DC8001B3C97 /* Release */,
			);
			defaultConfigurationIsVisible = 0;
			defaultConfigurationName = Release;
		};
		112F6A9F21847DC8001B3C97 /* Build configuration list for PBXNativeTarget "diplomAiOS" */ = {
			isa = XCConfigurationList;
			buildConfigurations = (
				112F6AA021847DC8001B3C97 /* Debug */,
				112F6AA121847DC8001B3C97 /* Release */,
			);
			defaultConfigurationIsVisible = 0;
			defaultConfigurationName = Release;
		};
		112F6AA221847DC8001B3C97 /* Build configuration list for PBXNativeTarget "diplomAiOSTests" */ = {
			isa = XCConfigurationList;
			buildConfigurations = (
				112F6AA321847DC8001B3C97 /* Debug */,
				112F6AA421847DC8001B3C97 /* Release */,
			);
			defaultConfigurationIsVisible = 0;
			defaultConfigurationName = Release;
		};
		112F6AA521847DC8001B3C97 /* Build configuration list for PBXNativeTarget "diplomAiOSUITests" */ = {
			isa = XCConfigurationList;
			buildConfigurations = (
				112F6AA621847DC8001B3C97 /* Debug */,
				112F6AA721847DC8001B3C97 /* Release */,
			);
			defaultConfigurationIsVisible = 0;
			defaultConfigurationName = Release;
		};
/* End XCConfigurationList section */

/* Begin XCVersionGroup section */
		112F6A7E21847DC6001B3C97 /* diplomAiOS.xcdatamodeld */ = {
			isa = XCVersionGroup;
			children = (
				112F6A7F21847DC6001B3C97 /* diplomAiOS.xcdatamodel */,
			);
			currentVersion = 112F6A7F21847DC6001B3C97 /* diplomAiOS.xcdatamodel */;
			path = diplomAiOS.xcdatamodeld;
			sourceTree = "<group>";
			versionGroupType = wrapper.xcdatamodel;
		};
/* End XCVersionGroup section */
	};
	rootObject = 112F6A6C21847DC6001B3C97 /* Project object */;
}
